
Microsoft Visual Studio Solution File, Format Version 12.00
# Visual Studio Version 16
VisualStudioVersion = 16.0.28803.352
MinimumVisualStudioVersion = 10.0.40219.1
Project("{9A19103F-16F7-4668-BE54-9A1E7A4F7556}") = "WindowsAiEdgeLabTabular", "WindowsAiEdgeLabTabular.csproj", "{D3F61FFF-4BCB-4C87-A3FF-92348295FB51}"
EndProject
Global
	GlobalSection(SolutionConfigurationPlatforms) = preSolution
		Debug|Any CPU = Debug|Any CPU
		Release|Any CPU = Release|Any CPU
	EndGlobalSection
	GlobalSection(ProjectConfigurationPlatforms) = postSolution
		{D3F61FFF-4BCB-4C87-A3FF-92348295FB51}.Debug|Any CPU.ActiveCfg = Debug|Any CPU
		{D3F61FFF-4BCB-4C87-A3FF-92348295FB51}.Debug|Any CPU.Build.0 = Debug|Any CPU
		{D3F61FFF-4BCB-4C87-A3FF-92348295FB51}.Release|Any CPU.ActiveCfg = Release|Any CPU
		{D3F61FFF-4BCB-4C87-A3FF-92348295FB51}.Release|Any CPU.Build.0 = Release|Any CPU
	EndGlobalSection
	GlobalSection(SolutionProperties) = preSolution
		HideSolutionNode = FALSE
	EndGlobalSection
	GlobalSection(ExtensibilityGlobals) = postSolution
		SolutionGuid = {107E863F-1C0D-4A75-815F-C685EFCD8F28}
	EndGlobalSection
EndGlobal
